{
  "name": "QMS V2",
  "lockfileVersion": 2,
  "requires": true,
  "packages": {
    "": {
      "dependencies": {
        "@mui/x-charts": "^7.23.6"
      }
    },
    "node_modules/@babel/runtime": {
      "version": "7.26.0",
      "license": "MIT",
      "dependencies": {
        "regenerator-runtime": "^0.14.0"
      },
      "engines": {
        "node": ">=6.9.0"
      }
    },
    "node_modules/@emotion/cache": {
      "version": "11.14.0",
      "license": "MIT",
      "peer": true,
      "dependencies": {
        "@emotion/memoize": "^0.9.0",
        "@emotion/sheet": "^1.4.0",
        "@emotion/utils": "^1.4.2",
        "@emotion/weak-memoize": "^0.4.0",
        "stylis": "4.2.0"
      }
    },
    "node_modules/@emotion/hash": {
      "version": "0.9.2",
      "license": "MIT",
      "peer": true
    },
    "node_modules/@emotion/memoize": {
      "version": "0.9.0",
      "license": "MIT",
      "peer": true
    },
    "node_modules/@emotion/serialize": {
      "version": "1.3.3",
      "license": "MIT",
      "peer": true,
      "dependencies": {
        "@emotion/hash": "^0.9.2",
        "@emotion/memoize": "^0.9.0",
        "@emotion/unitless": "^0.10.0",
        "@emotion/utils": "^1.4.2",
        "csstype": "^3.0.2"
      }
    },
    "node_modules/@emotion/sheet": {
      "version": "1.4.0",
      "license": "MIT",
      "peer": true
    },
    "node_modules/@emotion/unitless": {
      "version": "0.10.0",
      "license": "MIT",
      "peer": true
    },
    "node_modules/@emotion/utils": {
      "version": "1.4.2",
      "license": "MIT",
      "peer": true
    },
    "node_modules/@emotion/weak-memoize": {
      "version": "0.4.0",
      "license": "MIT",
      "peer": true
    },
    "node_modules/@mui/core-downloads-tracker": {
      "version": "6.3.1",
      "license": "MIT",
      "peer": true,
      "funding": {
        "type": "opencollective",
        "url": "https://opencollective.com/mui-org"
      }
    },
    "node_modules/@mui/material": {
      "version": "6.3.1",
      "resolved": "https://registry.npmjs.org/@mui/material/-/material-6.3.1.tgz",
      "integrity": "sha512-ynG9ayhxgCsHJ/dtDcT1v78/r2GwQyP3E0hPz3GdPRl0uFJz/uUTtI5KFYwadXmbC+Uv3bfB8laZ6+Cpzh03gA==",
      "peer": true,
      "dependencies": {
        "@babel/runtime": "^7.26.0",
        "@mui/core-downloads-tracker": "^6.3.1",
        "@mui/system": "^6.3.1",
        "@mui/types": "^7.2.21",
        "@mui/utils": "^6.3.1",
        "@popperjs/core": "^2.11.8",
        "@types/react-transition-group": "^4.4.12",
        "clsx": "^2.1.1",
        "csstype": "^3.1.3",
        "prop-types": "^15.8.1",
        "react-is": "^19.0.0",
        "react-transition-group": "^4.4.5"
      },
      "engines": {
        "node": ">=14.0.0"
      },
      "funding": {
        "type": "opencollective",
        "url": "https://opencollective.com/mui-org"
      },
      "peerDependencies": {
        "@emotion/react": "^11.5.0",
        "@emotion/styled": "^11.3.0",
        "@mui/material-pigment-css": "^6.3.1",
        "@types/react": "^17.0.0 || ^18.0.0 || ^19.0.0",
        "react": "^17.0.0 || ^18.0.0 || ^19.0.0",
        "react-dom": "^17.0.0 || ^18.0.0 || ^19.0.0"
      },
      "peerDependenciesMeta": {
        "@emotion/react": {
          "optional": true
        },
        "@emotion/styled": {
          "optional": true
        },
        "@mui/material-pigment-css": {
          "optional": true
        },
        "@types/react": {
          "optional": true
        }
      }
    },
    "node_modules/@mui/private-theming": {
      "version": "6.3.1",
      "license": "MIT",
      "peer": true,
      "dependencies": {
        "@babel/runtime": "^7.26.0",
        "@mui/utils": "^6.3.1",
        "prop-types": "^15.8.1"
      },
      "engines": {
        "node": ">=14.0.0"
      },
      "funding": {
        "type": "opencollective",
        "url": "https://opencollective.com/mui-org"
      },
      "peerDependencies": {
        "@types/react": "^17.0.0 || ^18.0.0 || ^19.0.0",
        "react": "^17.0.0 || ^18.0.0 || ^19.0.0"
      },
      "peerDependenciesMeta": {
        "@types/react": {
          "optional": true
        }
      }
    },
    "node_modules/@mui/styled-engine": {
      "version": "6.3.1",
      "license": "MIT",
      "peer": true,
      "dependencies": {
        "@babel/runtime": "^7.26.0",
        "@emotion/cache": "^11.13.5",
        "@emotion/serialize": "^1.3.3",
        "@emotion/sheet": "^1.4.0",
        "csstype": "^3.1.3",
        "prop-types": "^15.8.1"
      },
      "engines": {
        "node": ">=14.0.0"
      },
      "funding": {
        "type": "opencollective",
        "url": "https://opencollective.com/mui-org"
      },
      "peerDependencies": {
        "@emotion/react": "^11.4.1",
        "@emotion/styled": "^11.3.0",
        "react": "^17.0.0 || ^18.0.0 || ^19.0.0"
      },
      "peerDependenciesMeta": {
        "@emotion/react": {
          "optional": true
        },
        "@emotion/styled": {
          "optional": true
        }
      }
    },
    "node_modules/@mui/system": {
      "version": "6.3.1",
      "license": "MIT",
      "peer": true,
      "dependencies": {
        "@babel/runtime": "^7.26.0",
        "@mui/private-theming": "^6.3.1",
        "@mui/styled-engine": "^6.3.1",
        "@mui/types": "^7.2.21",
        "@mui/utils": "^6.3.1",
        "clsx": "^2.1.1",
        "csstype": "^3.1.3",
        "prop-types": "^15.8.1"
      },
      "engines": {
        "node": ">=14.0.0"
      },
      "funding": {
        "type": "opencollective",
        "url": "https://opencollective.com/mui-org"
      },
      "peerDependencies": {
        "@emotion/react": "^11.5.0",
        "@emotion/styled": "^11.3.0",
        "@types/react": "^17.0.0 || ^18.0.0 || ^19.0.0",
        "react": "^17.0.0 || ^18.0.0 || ^19.0.0"
      },
      "peerDependenciesMeta": {
        "@emotion/react": {
          "optional": true
        },
        "@emotion/styled": {
          "optional": true
        },
        "@types/react": {
          "optional": true
        }
      }
    },
    "node_modules/@mui/types": {
      "version": "7.2.21",
      "license": "MIT",
      "peerDependencies": {
        "@types/react": "^17.0.0 || ^18.0.0 || ^19.0.0"
      },
      "peerDependenciesMeta": {
        "@types/react": {
          "optional": true
        }
      }
    },
    "node_modules/@mui/utils": {
      "version": "6.3.1",
      "license": "MIT",
      "dependencies": {
        "@babel/runtime": "^7.26.0",
        "@mui/types": "^7.2.21",
        "@types/prop-types": "^15.7.14",
        "clsx": "^2.1.1",
        "prop-types": "^15.8.1",
        "react-is": "^19.0.0"
      },
      "engines": {
        "node": ">=14.0.0"
      },
      "funding": {
        "type": "opencollective",
        "url": "https://opencollective.com/mui-org"
      },
      "peerDependencies": {
        "@types/react": "^17.0.0 || ^18.0.0 || ^19.0.0",
        "react": "^17.0.0 || ^18.0.0 || ^19.0.0"
      },
      "peerDependenciesMeta": {
        "@types/react": {
          "optional": true
        }
      }
    },
    "node_modules/@mui/x-charts": {
      "version": "7.23.6",
      "resolved": "https://registry.npmjs.org/@mui/x-charts/-/x-charts-7.23.6.tgz",
      "integrity": "sha512-25kH01gwE5I0d8kWYZEpXZ9zHVHKSAVDiGwhteqagHtO6x/dEfqbMnjGuaNruCWppJR6wIylLKi/tuiOSpIy2A==",
      "dependencies": {
        "@babel/runtime": "^7.25.7",
        "@mui/utils": "^5.16.6 || ^6.0.0",
        "@mui/x-charts-vendor": "7.20.0",
        "@mui/x-internals": "7.23.6",
        "@react-spring/rafz": "^9.7.5",
        "@react-spring/web": "^9.7.5",
        "clsx": "^2.1.1",
        "prop-types": "^15.8.1"
      },
      "engines": {
        "node": ">=14.0.0"
      },
      "peerDependencies": {
        "@emotion/react": "^11.9.0",
        "@emotion/styled": "^11.8.1",
        "@mui/material": "^5.15.14 || ^6.0.0",
        "@mui/system": "^5.15.14 || ^6.0.0",
        "react": "^17.0.0 || ^18.0.0 || ^19.0.0",
        "react-dom": "^17.0.0 || ^18.0.0 || ^19.0.0"
      },
      "peerDependenciesMeta": {
        "@emotion/react": {
          "optional": true
        },
        "@emotion/styled": {
          "optional": true
        }
      }
    },
    "node_modules/@mui/x-charts-vendor": {
      "version": "7.20.0",
      "resolved": "https://registry.npmjs.org/@mui/x-charts-vendor/-/x-charts-vendor-7.20.0.tgz",
      "integrity": "sha512-pzlh7z/7KKs5o0Kk0oPcB+sY0+Dg7Q7RzqQowDQjpy5Slz6qqGsgOB5YUzn0L+2yRmvASc4Pe0914Ao3tMBogg==",
      "dependencies": {
        "@babel/runtime": "^7.25.7",
        "@types/d3-color": "^3.1.3",
        "@types/d3-delaunay": "^6.0.4",
        "@types/d3-interpolate": "^3.0.4",
        "@types/d3-scale": "^4.0.8",
        "@types/d3-shape": "^3.1.6",
        "@types/d3-time": "^3.0.3",
        "d3-color": "^3.1.0",
        "d3-delaunay": "^6.0.4",
        "d3-interpolate": "^3.0.1",
        "d3-scale": "^4.0.2",
        "d3-shape": "^3.2.0",
        "d3-time": "^3.1.0",
        "delaunator": "^5.0.1",
        "robust-predicates": "^3.0.2"
      }
    },
    "node_modules/@mui/x-charts-vendor/node_modules/@types/d3-color": {
      "version": "3.1.3",
      "resolved": "https://registry.npmjs.org/@types/d3-color/-/d3-color-3.1.3.tgz",
      "integrity": "sha512-iO90scth9WAbmgv7ogoq57O9YpKmFBbmoEoCHDB2xMBY0+/KVrqAaCDyCE16dUspeOvIxFFRI+0sEtqDqy2b4A=="
    },
    "node_modules/@mui/x-internals": {
      "version": "7.23.6",
      "resolved": "https://registry.npmjs.org/@mui/x-internals/-/x-internals-7.23.6.tgz",
      "integrity": "sha512-hT1Pa4PNCnxwiauPbYMC3p4DiEF1x05Iu4C1MtC/jMJ1LtthymLmTuQ6ZQ53/R9FeqK6sYd6A6noR+vNMjp5DA==",
      "dependencies": {
        "@babel/runtime": "^7.25.7",
        "@mui/utils": "^5.16.6 || ^6.0.0"
      },
      "engines": {
        "node": ">=14.0.0"
      },
      "funding": {
        "type": "opencollective",
        "url": "https://opencollective.com/mui-org"
      },
      "peerDependencies": {
        "react": "^17.0.0 || ^18.0.0 || ^19.0.0"
      }
    },
    "node_modules/@popperjs/core": {
      "version": "2.11.8",
      "license": "MIT",
      "peer": true,
      "funding": {
        "type": "opencollective",
        "url": "https://opencollective.com/popperjs"
      }
    },
    "node_modules/@react-spring/animated": {
      "version": "9.7.5",
      "license": "MIT",
      "dependencies": {
        "@react-spring/shared": "~9.7.5",
        "@react-spring/types": "~9.7.5"
      },
      "peerDependencies": {
        "react": "^16.8.0 || ^17.0.0 || ^18.0.0"
      }
    },
    "node_modules/@react-spring/core": {
      "version": "9.7.5",
      "license": "MIT",
      "dependencies": {
        "@react-spring/animated": "~9.7.5",
        "@react-spring/shared": "~9.7.5",
        "@react-spring/types": "~9.7.5"
      },
      "funding": {
        "type": "opencollective",
        "url": "https://opencollective.com/react-spring/donate"
      },
      "peerDependencies": {
        "react": "^16.8.0 || ^17.0.0 || ^18.0.0"
      }
    },
    "node_modules/@react-spring/rafz": {
      "version": "9.7.5",
      "license": "MIT"
    },
    "node_modules/@react-spring/shared": {
      "version": "9.7.5",
      "license": "MIT",
      "dependencies": {
        "@react-spring/rafz": "~9.7.5",
        "@react-spring/types": "~9.7.5"
      },
      "peerDependencies": {
        "react": "^16.8.0 || ^17.0.0 || ^18.0.0"
      }
    },
    "node_modules/@react-spring/types": {
      "version": "9.7.5",
      "license": "MIT"
    },
    "node_modules/@react-spring/web": {
      "version": "9.7.5",
      "license": "MIT",
      "dependencies": {
        "@react-spring/animated": "~9.7.5",
        "@react-spring/core": "~9.7.5",
        "@react-spring/shared": "~9.7.5",
        "@react-spring/types": "~9.7.5"
      },
      "peerDependencies": {
        "react": "^16.8.0 || ^17.0.0 || ^18.0.0",
        "react-dom": "^16.8.0 || ^17.0.0 || ^18.0.0"
      }
    },
    "node_modules/@types/d3-color": {},
    "node_modules/@types/d3-delaunay": {
      "version": "6.0.4",
      "license": "MIT"
    },
    "node_modules/@types/d3-interpolate": {
      "version": "3.0.4",
      "license": "MIT",
      "dependencies": {
        "@types/d3-color": "*"
      }
    },
    "node_modules/@types/d3-path": {
      "version": "3.1.0",
      "license": "MIT"
    },
    "node_modules/@types/d3-scale": {
      "version": "4.0.8",
      "license": "MIT",
      "dependencies": {
        "@types/d3-time": "*"
      }
    },
    "node_modules/@types/d3-shape": {
      "version": "3.1.7",
      "license": "MIT",
      "dependencies": {
        "@types/d3-path": "*"
      }
    },
    "node_modules/@types/d3-time": {
      "version": "3.0.4",
      "license": "MIT"
    },
    "node_modules/@types/prop-types": {
      "version": "15.7.14",
      "license": "MIT"
    },
    "node_modules/@types/react": {
      "version": "19.0.4",
      "license": "MIT",
      "peer": true,
      "dependencies": {
        "csstype": "^3.0.2"
      }
    },
    "node_modules/@types/react-transition-group": {
      "version": "4.4.12",
      "license": "MIT",
      "peer": true,
      "peerDependencies": {
        "@types/react": "*"
      }
    },
    "node_modules/clsx": {
      "version": "2.1.1",
      "license": "MIT",
      "engines": {
        "node": ">=6"
      }
    },
    "node_modules/csstype": {
      "version": "3.1.3",
      "license": "MIT",
      "peer": true
    },
    "node_modules/d3-array": {
      "version": "3.2.4",
      "license": "ISC",
      "dependencies": {
        "internmap": "1 - 2"
      },
      "engines": {
        "node": ">=12"
      }
    },
    "node_modules/d3-color": {
      "version": "3.1.0",
      "license": "ISC",
      "engines": {
        "node": ">=12"
      }
    },
    "node_modules/d3-delaunay": {
      "version": "6.0.4",
      "license": "ISC",
      "dependencies": {
        "delaunator": "5"
      },
      "engines": {
        "node": ">=12"
      }
    },
    "node_modules/d3-format": {
      "version": "3.1.0",
      "license": "ISC",
      "engines": {
        "node": ">=12"
      }
    },
    "node_modules/d3-interpolate": {
      "version": "3.0.1",
      "license": "ISC",
      "dependencies": {
        "d3-color": "1 - 3"
      },
      "engines": {
        "node": ">=12"
      }
    },
    "node_modules/d3-path": {
      "version": "3.1.0",
      "license": "ISC",
      "engines": {
        "node": ">=12"
      }
    },
    "node_modules/d3-scale": {
      "version": "4.0.2",
      "license": "ISC",
      "dependencies": {
        "d3-array": "2.10.0 - 3",
        "d3-format": "1 - 3",
        "d3-interpolate": "1.2.0 - 3",
        "d3-time": "2.1.1 - 3",
        "d3-time-format": "2 - 4"
      },
      "engines": {
        "node": ">=12"
      }
    },
    "node_modules/d3-shape": {
      "version": "3.2.0",
      "license": "ISC",
      "dependencies": {
        "d3-path": "^3.1.0"
      },
      "engines": {
        "node": ">=12"
      }
    },
    "node_modules/d3-time": {
      "version": "3.1.0",
      "license": "ISC",
      "dependencies": {
        "d3-array": "2 - 3"
      },
      "engines": {
        "node": ">=12"
      }
    },
    "node_modules/d3-time-format": {
      "version": "4.1.0",
      "license": "ISC",
      "dependencies": {
        "d3-time": "1 - 3"
      },
      "engines": {
        "node": ">=12"
      }
    },
    "node_modules/delaunator": {
      "version": "5.0.1",
      "license": "ISC",
      "dependencies": {
        "robust-predicates": "^3.0.2"
      }
    },
    "node_modules/dom-helpers": {
      "version": "5.2.1",
      "license": "MIT",
      "peer": true,
      "dependencies": {
        "@babel/runtime": "^7.8.7",
        "csstype": "^3.0.2"
      }
    },
    "node_modules/internmap": {
      "version": "2.0.3",
      "license": "ISC",
      "engines": {
        "node": ">=12"
      }
    },
    "node_modules/js-tokens": {
      "version": "4.0.0",
      "license": "MIT"
    },
    "node_modules/loose-envify": {
      "version": "1.4.0",
      "license": "MIT",
      "dependencies": {
        "js-tokens": "^3.0.0 || ^4.0.0"
      },
      "bin": {
        "loose-envify": "cli.js"
      }
    },
    "node_modules/object-assign": {
      "version": "4.1.1",
      "license": "MIT",
      "engines": {
        "node": ">=0.10.0"
      }
    },
    "node_modules/prop-types": {
      "version": "15.8.1",
      "license": "MIT",
      "dependencies": {
        "loose-envify": "^1.4.0",
        "object-assign": "^4.1.1",
        "react-is": "^16.13.1"
      }
    },
    "node_modules/prop-types/node_modules/react-is": {
      "version": "16.13.1",
      "license": "MIT"
    },
    "node_modules/react": {
      "version": "18.3.1",
      "license": "MIT",
      "peer": true,
      "dependencies": {
        "loose-envify": "^1.1.0"
      },
      "engines": {
        "node": ">=0.10.0"
      }
    },
    "node_modules/react-dom": {
      "version": "18.3.1",
      "license": "MIT",
      "peer": true,
      "dependencies": {
        "loose-envify": "^1.1.0",
        "scheduler": "^0.23.2"
      },
      "peerDependencies": {
        "react": "^18.3.1"
      }
    },
    "node_modules/react-is": {
      "version": "19.0.0",
      "license": "MIT"
    },
    "node_modules/react-transition-group": {
      "version": "4.4.5",
      "license": "BSD-3-Clause",
      "peer": true,
      "dependencies": {
        "@babel/runtime": "^7.5.5",
        "dom-helpers": "^5.0.1",
        "loose-envify": "^1.4.0",
        "prop-types": "^15.6.2"
      },
      "peerDependencies": {
        "react": ">=16.6.0",
        "react-dom": ">=16.6.0"
      }
    },
    "node_modules/regenerator-runtime": {
      "version": "0.14.1",
      "license": "MIT"
    },
    "node_modules/robust-predicates": {
      "version": "3.0.2",
      "license": "Unlicense"
    },
    "node_modules/scheduler": {
      "version": "0.23.2",
      "license": "MIT",
      "peer": true,
      "dependencies": {
        "loose-envify": "^1.1.0"
      }
    },
    "node_modules/stylis": {
      "version": "4.2.0",
      "license": "MIT",
      "peer": true
    }
  },
  "dependencies": {
    "@babel/runtime": {
      "version": "7.26.0",
      "requires": {
        "regenerator-runtime": "^0.14.0"
      }
    },
    "@emotion/cache": {
      "version": "11.14.0",
      "peer": true,
      "requires": {
        "@emotion/memoize": "^0.9.0",
        "@emotion/sheet": "^1.4.0",
        "@emotion/utils": "^1.4.2",
        "@emotion/weak-memoize": "^0.4.0",
        "stylis": "4.2.0"
      }
    },
    "@emotion/hash": {
      "version": "0.9.2",
      "peer": true
    },
    "@emotion/memoize": {
      "version": "0.9.0",
      "peer": true
    },
    "@emotion/serialize": {
      "version": "1.3.3",
      "peer": true,
      "requires": {
        "@emotion/hash": "^0.9.2",
        "@emotion/memoize": "^0.9.0",
        "@emotion/unitless": "^0.10.0",
        "@emotion/utils": "^1.4.2",
        "csstype": "^3.0.2"
      }
    },
    "@emotion/sheet": {
      "version": "1.4.0",
      "peer": true
    },
    "@emotion/unitless": {
      "version": "0.10.0",
      "peer": true
    },
    "@emotion/utils": {
      "version": "1.4.2",
      "peer": true
    },
    "@emotion/weak-memoize": {
      "version": "0.4.0",
      "peer": true
    },
    "@mui/core-downloads-tracker": {
      "version": "6.3.1",
      "peer": true
    },
    "@mui/material": {
      "version": "6.3.1",
      "resolved": "https://registry.npmjs.org/@mui/material/-/material-6.3.1.tgz",
      "integrity": "sha512-ynG9ayhxgCsHJ/dtDcT1v78/r2GwQyP3E0hPz3GdPRl0uFJz/uUTtI5KFYwadXmbC+Uv3bfB8laZ6+Cpzh03gA==",
      "peer": true,
      "requires": {
        "@babel/runtime": "^7.26.0",
        "@mui/core-downloads-tracker": "^6.3.1",
        "@mui/system": "^6.3.1",
        "@mui/types": "^7.2.21",
        "@mui/utils": "^6.3.1",
        "@popperjs/core": "^2.11.8",
        "@types/react-transition-group": "^4.4.12",
        "clsx": "^2.1.1",
        "csstype": "^3.1.3",
        "prop-types": "^15.8.1",
        "react-is": "^19.0.0",
        "react-transition-group": "^4.4.5"
      }
    },
    "@mui/private-theming": {
      "version": "6.3.1",
      "peer": true,
      "requires": {
        "@babel/runtime": "^7.26.0",
        "@mui/utils": "^6.3.1",
        "prop-types": "^15.8.1"
      }
    },
    "@mui/styled-engine": {
      "version": "6.3.1",
      "peer": true,
      "requires": {
        "@babel/runtime": "^7.26.0",
        "@emotion/cache": "^11.13.5",
        "@emotion/serialize": "^1.3.3",
        "@emotion/sheet": "^1.4.0",
        "csstype": "^3.1.3",
        "prop-types": "^15.8.1"
      }
    },
    "@mui/system": {
      "version": "6.3.1",
      "peer": true,
      "requires": {
        "@babel/runtime": "^7.26.0",
        "@mui/private-theming": "^6.3.1",
        "@mui/styled-engine": "^6.3.1",
        "@mui/types": "^7.2.21",
        "@mui/utils": "^6.3.1",
        "clsx": "^2.1.1",
        "csstype": "^3.1.3",
        "prop-types": "^15.8.1"
      }
    },
    "@mui/types": {
      "version": "7.2.21",
      "requires": {}
    },
    "@mui/utils": {
      "version": "6.3.1",
      "requires": {
        "@babel/runtime": "^7.26.0",
        "@mui/types": "^7.2.21",
        "@types/prop-types": "^15.7.14",
        "clsx": "^2.1.1",
        "prop-types": "^15.8.1",
        "react-is": "^19.0.0"
      }
    },
    "@mui/x-charts": {
      "version": "7.23.6",
      "resolved": "https://registry.npmjs.org/@mui/x-charts/-/x-charts-7.23.6.tgz",
      "integrity": "sha512-25kH01gwE5I0d8kWYZEpXZ9zHVHKSAVDiGwhteqagHtO6x/dEfqbMnjGuaNruCWppJR6wIylLKi/tuiOSpIy2A==",
      "requires": {
        "@babel/runtime": "^7.25.7",
        "@mui/utils": "^5.16.6 || ^6.0.0",
        "@mui/x-charts-vendor": "7.20.0",
        "@mui/x-internals": "7.23.6",
        "@react-spring/rafz": "^9.7.5",
        "@react-spring/web": "^9.7.5",
        "clsx": "^2.1.1",
        "prop-types": "^15.8.1"
      }
    },
    "@mui/x-charts-vendor": {
      "version": "7.20.0",
      "resolved": "https://registry.npmjs.org/@mui/x-charts-vendor/-/x-charts-vendor-7.20.0.tgz",
      "integrity": "sha512-pzlh7z/7KKs5o0Kk0oPcB+sY0+Dg7Q7RzqQowDQjpy5Slz6qqGsgOB5YUzn0L+2yRmvASc4Pe0914Ao3tMBogg==",
      "requires": {
        "@babel/runtime": "^7.25.7",
        "@types/d3-color": "^3.1.3",
        "@types/d3-delaunay": "^6.0.4",
        "@types/d3-interpolate": "^3.0.4",
        "@types/d3-scale": "^4.0.8",
        "@types/d3-shape": "^3.1.6",
        "@types/d3-time": "^3.0.3",
        "d3-color": "^3.1.0",
        "d3-delaunay": "^6.0.4",
        "d3-interpolate": "^3.0.1",
        "d3-scale": "^4.0.2",
        "d3-shape": "^3.2.0",
        "d3-time": "^3.1.0",
        "delaunator": "^5.0.1",
        "robust-predicates": "^3.0.2"
      },
      "dependencies": {
        "@types/d3-color": {
          "version": "3.1.3",
          "resolved": "https://registry.npmjs.org/@types/d3-color/-/d3-color-3.1.3.tgz",
          "integrity": "sha512-iO90scth9WAbmgv7ogoq57O9YpKmFBbmoEoCHDB2xMBY0+/KVrqAaCDyCE16dUspeOvIxFFRI+0sEtqDqy2b4A=="
        }
      }
    },
    "@mui/x-internals": {
      "version": "7.23.6",
      "resolved": "https://registry.npmjs.org/@mui/x-internals/-/x-internals-7.23.6.tgz",
      "integrity": "sha512-hT1Pa4PNCnxwiauPbYMC3p4DiEF1x05Iu4C1MtC/jMJ1LtthymLmTuQ6ZQ53/R9FeqK6sYd6A6noR+vNMjp5DA==",
      "requires": {
        "@babel/runtime": "^7.25.7",
        "@mui/utils": "^5.16.6 || ^6.0.0"
      }
    },
    "@popperjs/core": {
      "version": "2.11.8",
      "peer": true
    },
    "@react-spring/animated": {
      "version": "9.7.5",
      "requires": {
        "@react-spring/shared": "~9.7.5",
        "@react-spring/types": "~9.7.5"
      }
    },
    "@react-spring/core": {
      "version": "9.7.5",
      "requires": {
        "@react-spring/animated": "~9.7.5",
        "@react-spring/shared": "~9.7.5",
        "@react-spring/types": "~9.7.5"
      }
    },
    "@react-spring/rafz": {
      "version": "9.7.5"
    },
    "@react-spring/shared": {
      "version": "9.7.5",
      "requires": {
        "@react-spring/rafz": "~9.7.5",
        "@react-spring/types": "~9.7.5"
      }
    },
    "@react-spring/types": {
      "version": "9.7.5"
    },
    "@react-spring/web": {
      "version": "9.7.5",
      "requires": {
        "@react-spring/animated": "~9.7.5",
        "@react-spring/core": "~9.7.5",
        "@react-spring/shared": "~9.7.5",
        "@react-spring/types": "~9.7.5"
      }
    },
    "@types/d3-color": {},
    "@types/d3-delaunay": {
      "version": "6.0.4"
    },
    "@types/d3-interpolate": {
      "version": "3.0.4",
      "requires": {
        "@types/d3-color": "*"
      }
    },
    "@types/d3-path": {
      "version": "3.1.0"
    },
    "@types/d3-scale": {
      "version": "4.0.8",
      "requires": {
        "@types/d3-time": "*"
      }
    },
    "@types/d3-shape": {
      "version": "3.1.7",
      "requires": {
        "@types/d3-path": "*"
      }
    },
    "@types/d3-time": {
      "version": "3.0.4"
    },
    "@types/prop-types": {
      "version": "15.7.14"
    },
    "@types/react": {
      "version": "19.0.4",
      "peer": true,
      "requires": {
        "csstype": "^3.0.2"
      }
    },
    "@types/react-transition-group": {
      "version": "4.4.12",
      "peer": true,
      "requires": {}
    },
    "clsx": {
      "version": "2.1.1"
    },
    "csstype": {
      "version": "3.1.3",
      "peer": true
    },
    "d3-array": {
      "version": "3.2.4",
      "requires": {
        "internmap": "1 - 2"
      }
    },
    "d3-color": {
      "version": "3.1.0"
    },
    "d3-delaunay": {
      "version": "6.0.4",
      "requires": {
        "delaunator": "5"
      }
    },
    "d3-format": {
      "version": "3.1.0"
    },
    "d3-interpolate": {
      "version": "3.0.1",
      "requires": {
        "d3-color": "1 - 3"
      }
    },
    "d3-path": {
      "version": "3.1.0"
    },
    "d3-scale": {
      "version": "4.0.2",
      "requires": {
        "d3-array": "2.10.0 - 3",
        "d3-format": "1 - 3",
        "d3-interpolate": "1.2.0 - 3",
        "d3-time": "2.1.1 - 3",
        "d3-time-format": "2 - 4"
      }
    },
    "d3-shape": {
      "version": "3.2.0",
      "requires": {
        "d3-path": "^3.1.0"
      }
    },
    "d3-time": {
      "version": "3.1.0",
      "requires": {
        "d3-array": "2 - 3"
      }
    },
    "d3-time-format": {
      "version": "4.1.0",
      "requires": {
        "d3-time": "1 - 3"
      }
    },
    "delaunator": {
      "version": "5.0.1",
      "requires": {
        "robust-predicates": "^3.0.2"
      }
    },
    "dom-helpers": {
      "version": "5.2.1",
      "peer": true,
      "requires": {
        "@babel/runtime": "^7.8.7",
        "csstype": "^3.0.2"
      }
    },
    "internmap": {
      "version": "2.0.3"
    },
    "js-tokens": {
      "version": "4.0.0"
    },
    "loose-envify": {
      "version": "1.4.0",
      "requires": {
        "js-tokens": "^3.0.0 || ^4.0.0"
      }
    },
    "object-assign": {
      "version": "4.1.1"
    },
    "prop-types": {
      "version": "15.8.1",
      "requires": {
        "loose-envify": "^1.4.0",
        "object-assign": "^4.1.1",
        "react-is": "^16.13.1"
      },
      "dependencies": {
        "react-is": {
          "version": "16.13.1"
        }
      }
    },
    "react": {
      "version": "18.3.1",
      "peer": true,
      "requires": {
        "loose-envify": "^1.1.0"
      }
    },
    "react-dom": {
      "version": "18.3.1",
      "peer": true,
      "requires": {
        "loose-envify": "^1.1.0",
        "scheduler": "^0.23.2"
      }
    },
    "react-is": {
      "version": "19.0.0"
    },
    "react-transition-group": {
      "version": "4.4.5",
      "peer": true,
      "requires": {
        "@babel/runtime": "^7.5.5",
        "dom-helpers": "^5.0.1",
        "loose-envify": "^1.4.0",
        "prop-types": "^15.6.2"
      }
    },
    "regenerator-runtime": {
      "version": "0.14.1"
    },
    "robust-predicates": {
      "version": "3.0.2"
    },
    "scheduler": {
      "version": "0.23.2",
      "peer": true,
      "requires": {
        "loose-envify": "^1.1.0"
      }
    },
    "stylis": {
      "version": "4.2.0",
      "peer": true
    }
  }
}
